
Microsoft Visual Studio Solution File, Format Version 12.00
# Visual Studio 15
VisualStudioVersion = 15.0.27004.2005
MinimumVisualStudioVersion = 10.0.40219.1
Project("{FAE04EC0-301F-11D3-BF4B-00C04F79EFBC}") = "test1", "test1\test1.csproj", "{782969B5-2492-4C6E-81DA-236485A97869}"
EndProject
Project("{FAE04EC0-301F-11D3-BF4B-00C04F79EFBC}") = "Dataaccess", "ClassLibrary2\Dataaccess.csproj", "{BA987138-C227-4B13-9E40-313AA97E02CE}"
EndProject
Project("{FAE04EC0-301F-11D3-BF4B-00C04F79EFBC}") = "customerweb", "customerweb\customerweb.csproj", "{2B5F02EC-3480-4295-A6B5-CCBB9DB5A934}"
EndProject
Global
	GlobalSection(SolutionConfigurationPlatforms) = preSolution
		Debug|Any CPU = Debug|Any CPU
		Debug|ARM = Debug|ARM
		Debug|x64 = Debug|x64
		Debug|x86 = Debug|x86
		Release|Any CPU = Release|Any CPU
		Release|ARM = Release|ARM
		Release|x64 = Release|x64
		Release|x86 = Release|x86
	EndGlobalSection
	GlobalSection(ProjectConfigurationPlatforms) = postSolution
		{782969B5-2492-4C6E-81DA-236485A97869}.Debug|Any CPU.ActiveCfg = Debug|Any CPU
		{782969B5-2492-4C6E-81DA-236485A97869}.Debug|Any CPU.Build.0 = Debug|Any CPU
		{782969B5-2492-4C6E-81DA-236485A97869}.Debug|ARM.ActiveCfg = Debug|Any CPU
		{782969B5-2492-4C6E-81DA-236485A97869}.Debug|ARM.Build.0 = Debug|Any CPU
		{782969B5-2492-4C6E-81DA-236485A97869}.Debug|x64.ActiveCfg = Debug|Any CPU
		{782969B5-2492-4C6E-81DA-236485A97869}.Debug|x64.Build.0 = Debug|Any CPU
		{782969B5-2492-4C6E-81DA-236485A97869}.Debug|x86.ActiveCfg = Debug|Any CPU
		{782969B5-2492-4C6E-81DA-236485A97869}.Debug|x86.Build.0 = Debug|Any CPU
		{782969B5-2492-4C6E-81DA-236485A97869}.Release|Any CPU.ActiveCfg = Release|Any CPU
		{782969B5-2492-4C6E-81DA-236485A97869}.Release|Any CPU.Build.0 = Release|Any CPU
		{782969B5-2492-4C6E-81DA-236485A97869}.Release|ARM.ActiveCfg = Release|Any CPU
		{782969B5-2492-4C6E-81DA-236485A97869}.Release|ARM.Build.0 = Release|Any CPU
		{782969B5-2492-4C6E-81DA-236485A97869}.Release|x64.ActiveCfg = Release|Any CPU
		{782969B5-2492-4C6E-81DA-236485A97869}.Release|x64.Build.0 = Release|Any CPU
		{782969B5-2492-4C6E-81DA-236485A97869}.Release|x86.ActiveCfg = Release|Any CPU
		{782969B5-2492-4C6E-81DA-236485A97869}.Release|x86.Build.0 = Release|Any CPU
		{BA987138-C227-4B13-9E40-313AA97E02CE}.Debug|Any CPU.ActiveCfg = Debug|Any CPU
		{BA987138-C227-4B13-9E40-313AA97E02CE}.Debug|Any CPU.Build.0 = Debug|Any CPU
		{BA987138-C227-4B13-9E40-313AA97E02CE}.Debug|ARM.ActiveCfg = Debug|Any CPU
		{BA987138-C227-4B13-9E40-313AA97E02CE}.Debug|ARM.Build.0 = Debug|Any CPU
		{BA987138-C227-4B13-9E40-313AA97E02CE}.Debug|x64.ActiveCfg = Debug|Any CPU
		{BA987138-C227-4B13-9E40-313AA97E02CE}.Debug|x64.Build.0 = Debug|Any CPU
		{BA987138-C227-4B13-9E40-313AA97E02CE}.Debug|x86.ActiveCfg = Debug|Any CPU
		{BA987138-C227-4B13-9E40-313AA97E02CE}.Debug|x86.Build.0 = Debug|Any CPU
		{BA987138-C227-4B13-9E40-313AA97E02CE}.Release|Any CPU.ActiveCfg = Release|Any CPU
		{BA987138-C227-4B13-9E40-313AA97E02CE}.Release|Any CPU.Build.0 = Release|Any CPU
		{BA987138-C227-4B13-9E40-313AA97E02CE}.Release|ARM.ActiveCfg = Release|Any CPU
		{BA987138-C227-4B13-9E40-313AA97E02CE}.Release|ARM.Build.0 = Release|Any CPU
		{BA987138-C227-4B13-9E40-313AA97E02CE}.Release|x64.ActiveCfg = Release|Any CPU
		{BA987138-C227-4B13-9E40-313AA97E02CE}.Release|x64.Build.0 = Release|Any CPU
		{BA987138-C227-4B13-9E40-313AA97E02CE}.Release|x86.ActiveCfg = Release|Any CPU
		{BA987138-C227-4B13-9E40-313AA97E02CE}.Release|x86.Build.0 = Release|Any CPU
		{2B5F02EC-3480-4295-A6B5-CCBB9DB5A934}.Debug|Any CPU.ActiveCfg = Debug|Any CPU
		{2B5F02EC-3480-4295-A6B5-CCBB9DB5A934}.Debug|Any CPU.Build.0 = Debug|Any CPU
		{2B5F02EC-3480-4295-A6B5-CCBB9DB5A934}.Debug|ARM.ActiveCfg = Debug|Any CPU
		{2B5F02EC-3480-4295-A6B5-CCBB9DB5A934}.Debug|ARM.Build.0 = Debug|Any CPU
		{2B5F02EC-3480-4295-A6B5-CCBB9DB5A934}.Debug|x64.ActiveCfg = Debug|Any CPU
		{2B5F02EC-3480-4295-A6B5-CCBB9DB5A934}.Debug|x64.Build.0 = Debug|Any CPU
		{2B5F02EC-3480-4295-A6B5-CCBB9DB5A934}.Debug|x86.ActiveCfg = Debug|Any CPU
		{2B5F02EC-3480-4295-A6B5-CCBB9DB5A934}.Debug|x86.Build.0 = Debug|Any CPU
		{2B5F02EC-3480-4295-A6B5-CCBB9DB5A934}.Release|Any CPU.ActiveCfg = Release|Any CPU
		{2B5F02EC-3480-4295-A6B5-CCBB9DB5A934}.Release|Any CPU.Build.0 = Release|Any CPU
		{2B5F02EC-3480-4295-A6B5-CCBB9DB5A934}.Release|ARM.ActiveCfg = Release|Any CPU
		{2B5F02EC-3480-4295-A6B5-CCBB9DB5A934}.Release|ARM.Build.0 = Release|Any CPU
		{2B5F02EC-3480-4295-A6B5-CCBB9DB5A934}.Release|x64.ActiveCfg = Release|Any CPU
		{2B5F02EC-3480-4295-A6B5-CCBB9DB5A934}.Release|x64.Build.0 = Release|Any CPU
		{2B5F02EC-3480-4295-A6B5-CCBB9DB5A934}.Release|x86.ActiveCfg = Release|Any CPU
		{2B5F02EC-3480-4295-A6B5-CCBB9DB5A934}.Release|x86.Build.0 = Release|Any CPU
	EndGlobalSection
	GlobalSection(SolutionProperties) = preSolution
		HideSolutionNode = FALSE
	EndGlobalSection
	GlobalSection(ExtensibilityGlobals) = postSolution
		SolutionGuid = {A2867227-67FF-469F-A217-3C99B81DBAC1}
	EndGlobalSection
EndGlobal
